// !$*UTF8*$!
{
	archiveVersion = 1;
	classes = {
	};
	objectVersion = 46;
	objects = {

/* Begin PBXBuildFile section */
		20FBB9731D805268006FCA47 /* main.m in Sources */ = {isa = PBXBuildFile; fileRef = 20FBB9721D805268006FCA47 /* main.m */; };
		20FBB9761D805268006FCA47 /* AppDelegate.m in Sources */ = {isa = PBXBuildFile; fileRef = 20FBB9751D805268006FCA47 /* AppDelegate.m */; };
		20FBB9791D805268006FCA47 /* ViewController.m in Sources */ = {isa = PBXBuildFile; fileRef = 20FBB9781D805268006FCA47 /* ViewController.m */; };
		20FBB97C1D805269006FCA47 /* Main.storyboard in Resources */ = {isa = PBXBuildFile; fileRef = 20FBB97A1D805269006FCA47 /* Main.storyboard */; };
		20FBB97E1D805269006FCA47 /* Assets.xcassets in Resources */ = {isa = PBXBuildFile; fileRef = 20FBB97D1D805269006FCA47 /* Assets.xcassets */; };
		20FBB9811D805269006FCA47 /* LaunchScreen.storyboard in Resources */ = {isa = PBXBuildFile; fileRef = 20FBB97F1D805269006FCA47 /* LaunchScreen.storyboard */; };
		20FBB9E81D8082FB006FCA47 /* Info.plist in Resources */ = {isa = PBXBuildFile; fileRef = 20FBB9C51D8082FB006FCA47 /* Info.plist */; };
		20FBB9E91D8082FB006FCA47 /* MASCompositeConstraint.m in Sources */ = {isa = PBXBuildFile; fileRef = 20FBB9C71D8082FB006FCA47 /* MASCompositeConstraint.m */; };
		20FBB9EA1D8082FB006FCA47 /* MASConstraint.m in Sources */ = {isa = PBXBuildFile; fileRef = 20FBB9CA1D8082FB006FCA47 /* MASConstraint.m */; };
		20FBB9EB1D8082FB006FCA47 /* MASConstraintMaker.m in Sources */ = {isa = PBXBuildFile; fileRef = 20FBB9CC1D8082FB006FCA47 /* MASConstraintMaker.m */; };
		20FBB9EC1D8082FB006FCA47 /* MASLayoutConstraint.m in Sources */ = {isa = PBXBuildFile; fileRef = 20FBB9CE1D8082FB006FCA47 /* MASLayoutConstraint.m */; };
		20FBB9ED1D8082FB006FCA47 /* MASViewAttribute.m in Sources */ = {isa = PBXBuildFile; fileRef = 20FBB9D21D8082FB006FCA47 /* MASViewAttribute.m */; };
		20FBB9EE1D8082FB006FCA47 /* MASViewConstraint.m in Sources */ = {isa = PBXBuildFile; fileRef = 20FBB9D41D8082FB006FCA47 /* MASViewConstraint.m */; };
		20FBB9EF1D8082FB006FCA47 /* NSArray+MASAdditions.m in Sources */ = {isa = PBXBuildFile; fileRef = 20FBB9D61D8082FB006FCA47 /* NSArray+MASAdditions.m */; };
		20FBB9F01D8082FB006FCA47 /* NSLayoutConstraint+MASDebugAdditions.m in Sources */ = {isa = PBXBuildFile; fileRef = 20FBB9D91D8082FB006FCA47 /* NSLayoutConstraint+MASDebugAdditions.m */; };
		20FBB9F11D8082FB006FCA47 /* View+MASAdditions.m in Sources */ = {isa = PBXBuildFile; fileRef = 20FBB9DB1D8082FB006FCA47 /* View+MASAdditions.m */; };
		20FBB9F21D8082FB006FCA47 /* ViewController+MASAdditions.m in Sources */ = {isa = PBXBuildFile; fileRef = 20FBB9DE1D8082FB006FCA47 /* ViewController+MASAdditions.m */; };
		20FBB9F31D8082FB006FCA47 /* NSAttributedString+CZAdditon.m in Sources */ = {isa = PBXBuildFile; fileRef = 20FBB9E01D8082FB006FCA47 /* NSAttributedString+CZAdditon.m */; };
		20FBB9F41D8082FB006FCA47 /* FASButtonOne.m in Sources */ = {isa = PBXBuildFile; fileRef = 20FBB9E31D8082FB006FCA47 /* FASButtonOne.m */; };
		20FBB9F51D8082FB006FCA47 /* FASButtonTwo.m in Sources */ = {isa = PBXBuildFile; fileRef = 20FBB9E51D8082FB006FCA47 /* FASButtonTwo.m */; };
		20FBB9F61D8082FB006FCA47 /* FASFamouseCell.m in Sources */ = {isa = PBXBuildFile; fileRef = 20FBB9E71D8082FB006FCA47 /* FASFamouseCell.m */; };
/* End PBXBuildFile section */

/* Begin PBXFileReference section */
		20FBB96E1D805268006FCA47 /* FASFamouseList.app */ = {isa = PBXFileReference; explicitFileType = wrapper.application; includeInIndex = 0; path = FASFamouseList.app; sourceTree = BUILT_PRODUCTS_DIR; };
		20FBB9721D805268006FCA47 /* main.m */ = {isa = PBXFileReference; lastKnownFileType = sourcecode.c.objc; path = main.m; sourceTree = "<group>"; };
		20FBB9741D805268006FCA47 /* AppDelegate.h */ = {isa = PBXFileReference; lastKnownFileType = sourcecode.c.h; path = AppDelegate.h; sourceTree = "<group>"; };
		20FBB9751D805268006FCA47 /* AppDelegate.m */ = {isa = PBXFileReference; lastKnownFileType = sourcecode.c.objc; path = AppDelegate.m; sourceTree = "<group>"; };
		20FBB9771D805268006FCA47 /* ViewController.h */ = {isa = PBXFileReference; lastKnownFileType = sourcecode.c.h; path = ViewController.h; sourceTree = "<group>"; };
		20FBB9781D805268006FCA47 /* ViewController.m */ = {isa = PBXFileReference; lastKnownFileType = sourcecode.c.objc; path = ViewController.m; sourceTree = "<group>"; };
		20FBB97B1D805269006FCA47 /* Base */ = {isa = PBXFileReference; lastKnownFileType = file.storyboard; name = Base; path = Base.lproj/Main.storyboard; sourceTree = "<group>"; };
		20FBB97D1D805269006FCA47 /* Assets.xcassets */ = {isa = PBXFileReference; lastKnownFileType = folder.assetcatalog; path = Assets.xcassets; sourceTree = "<group>"; };
		20FBB9801D805269006FCA47 /* Base */ = {isa = PBXFileReference; lastKnownFileType = file.storyboard; name = Base; path = Base.lproj/LaunchScreen.storyboard; sourceTree = "<group>"; };
		20FBB9821D805269006FCA47 /* Info.plist */ = {isa = PBXFileReference; lastKnownFileType = text.plist.xml; path = Info.plist; sourceTree = "<group>"; };
		20FBB9C51D8082FB006FCA47 /* Info.plist */ = {isa = PBXFileReference; fileEncoding = 4; lastKnownFileType = text.plist.xml; path = Info.plist; sourceTree = "<group>"; };
		20FBB9C61D8082FB006FCA47 /* MASCompositeConstraint.h */ = {isa = PBXFileReference; fileEncoding = 4; lastKnownFileType = sourcecode.c.h; path = MASCompositeConstraint.h; sourceTree = "<group>"; };
		20FBB9C71D8082FB006FCA47 /* MASCompositeConstraint.m */ = {isa = PBXFileReference; fileEncoding = 4; lastKnownFileType = sourcecode.c.objc; path = MASCompositeConstraint.m; sourceTree = "<group>"; };
		20FBB9C81D8082FB006FCA47 /* MASConstraint+Private.h */ = {isa = PBXFileReference; fileEncoding = 4; lastKnownFileType = sourcecode.c.h; path = "MASConstraint+Private.h"; sourceTree = "<group>"; };
		20FBB9C91D8082FB006FCA47 /* MASConstraint.h */ = {isa = PBXFileReference; fileEncoding = 4; lastKnownFileType = sourcecode.c.h; path = MASConstraint.h; sourceTree = "<group>"; };
		20FBB9CA1D8082FB006FCA47 /* MASConstraint.m */ = {isa = PBXFileReference; fileEncoding = 4; lastKnownFileType = sourcecode.c.objc; path = MASConstraint.m; sourceTree = "<group>"; };
		20FBB9CB1D8082FB006FCA47 /* MASConstraintMaker.h */ = {isa = PBXFileReference; fileEncoding = 4; lastKnownFileType = sourcecode.c.h; path = MASConstraintMaker.h; sourceTree = "<group>"; };
		20FBB9CC1D8082FB006FCA47 /* MASConstraintMaker.m */ = {isa = PBXFileReference; fileEncoding = 4; lastKnownFileType = sourcecode.c.objc; path = MASConstraintMaker.m; sourceTree = "<group>"; };
		20FBB9CD1D8082FB006FCA47 /* MASLayoutConstraint.h */ = {isa = PBXFileReference; fileEncoding = 4; lastKnownFileType = sourcecode.c.h; path = MASLayoutConstraint.h; sourceTree = "<group>"; };
		20FBB9CE1D8082FB006FCA47 /* MASLayoutConstraint.m */ = {isa = PBXFileReference; fileEncoding = 4; lastKnownFileType = sourcecode.c.objc; path = MASLayoutConstraint.m; sourceTree = "<group>"; };
		20FBB9CF1D8082FB006FCA47 /* Masonry.h */ = {isa = PBXFileReference; fileEncoding = 4; lastKnownFileType = sourcecode.c.h; path = Masonry.h; sourceTree = "<group>"; };
		20FBB9D01D8082FB006FCA47 /* MASUtilities.h */ = {isa = PBXFileReference; fileEncoding = 4; lastKnownFileType = sourcecode.c.h; path = MASUtilities.h; sourceTree = "<group>"; };
		20FBB9D11D8082FB006FCA47 /* MASViewAttribute.h */ = {isa = PBXFileReference; fileEncoding = 4; lastKnownFileType = sourcecode.c.h; path = MASViewAttribute.h; sourceTree = "<group>"; };
		20FBB9D21D8082FB006FCA47 /* MASViewAttribute.m */ = {isa = PBXFileReference; fileEncoding = 4; lastKnownFileType = sourcecode.c.objc; path = MASViewAttribute.m; sourceTree = "<group>"; };
		20FBB9D31D8082FB006FCA47 /* MASViewConstraint.h */ = {isa = PBXFileReference; fileEncoding = 4; lastKnownFileType = sourcecode.c.h; path = MASViewConstraint.h; sourceTree = "<group>"; };
		20FBB9D41D8082FB006FCA47 /* MASViewConstraint.m */ = {isa = PBXFileReference; fileEncoding = 4; lastKnownFileType = sourcecode.c.objc; path = MASViewConstraint.m; sourceTree = "<group>"; };
		20FBB9D51D8082FB006FCA47 /* NSArray+MASAdditions.h */ = {isa = PBXFileReference; fileEncoding = 4; lastKnownFileType = sourcecode.c.h; path = "NSArray+MASAdditions.h"; sourceTree = "<group>"; };
		20FBB9D61D8082FB006FCA47 /* NSArray+MASAdditions.m */ = {isa = PBXFileReference; fileEncoding = 4; lastKnownFileType = sourcecode.c.objc; path = "NSArray+MASAdditions.m"; sourceTree = "<group>"; };
		20FBB9D71D8082FB006FCA47 /* NSArray+MASShorthandAdditions.h */ = {isa = PBXFileReference; fileEncoding = 4; lastKnownFileType = sourcecode.c.h; path = "NSArray+MASShorthandAdditions.h"; sourceTree = "<group>"; };
		20FBB9D81D8082FB006FCA47 /* NSLayoutConstraint+MASDebugAdditions.h */ = {isa = PBXFileReference; fileEncoding = 4; lastKnownFileType = sourcecode.c.h; path = "NSLayoutConstraint+MASDebugAdditions.h"; sourceTree = "<group>"; };
		20FBB9D91D8082FB006FCA47 /* NSLayoutConstraint+MASDebugAdditions.m */ = {isa = PBXFileReference; fileEncoding = 4; lastKnownFileType = sourcecode.c.objc; path = "NSLayoutConstraint+MASDebugAdditions.m"; sourceTree = "<group>"; };
		20FBB9DA1D8082FB006FCA47 /* View+MASAdditions.h */ = {isa = PBXFileReference; fileEncoding = 4; lastKnownFileType = sourcecode.c.h; path = "View+MASAdditions.h"; sourceTree = "<group>"; };
		20FBB9DB1D8082FB006FCA47 /* View+MASAdditions.m */ = {isa = PBXFileReference; fileEncoding = 4; lastKnownFileType = sourcecode.c.objc; path = "View+MASAdditions.m"; sourceTree = "<group>"; };
		20FBB9DC1D8082FB006FCA47 /* View+MASShorthandAdditions.h */ = {isa = PBXFileReference; fileEncoding = 4; lastKnownFileType = sourcecode.c.h; path = "View+MASShorthandAdditions.h"; sourceTree = "<group>"; };
		20FBB9DD1D8082FB006FCA47 /* ViewController+MASAdditions.h */ = {isa = PBXFileReference; fileEncoding = 4; lastKnownFileType = sourcecode.c.h; path = "ViewController+MASAdditions.h"; sourceTree = "<group>"; };
		20FBB9DE1D8082FB006FCA47 /* ViewController+MASAdditions.m */ = {isa = PBXFileReference; fileEncoding = 4; lastKnownFileType = sourcecode.c.objc; path = "ViewController+MASAdditions.m"; sourceTree = "<group>"; };
		20FBB9DF1D8082FB006FCA47 /* NSAttributedString+CZAdditon.h */ = {isa = PBXFileReference; fileEncoding = 4; lastKnownFileType = sourcecode.c.h; path = "NSAttributedString+CZAdditon.h"; sourceTree = "<group>"; };
		20FBB9E01D8082FB006FCA47 /* NSAttributedString+CZAdditon.m */ = {isa = PBXFileReference; fileEncoding = 4; lastKnownFileType = sourcecode.c.objc; path = "NSAttributedString+CZAdditon.m"; sourceTree = "<group>"; };
		20FBB9E21D8082FB006FCA47 /* FASButtonOne.h */ = {isa = PBXFileReference; fileEncoding = 4; lastKnownFileType = sourcecode.c.h; path = FASButtonOne.h; sourceTree = "<group>"; };
		20FBB9E31D8082FB006FCA47 /* FASButtonOne.m */ = {isa = PBXFileReference; fileEncoding = 4; lastKnownFileType = sourcecode.c.objc; path = FASButtonOne.m; sourceTree = "<group>"; };
		20FBB9E41D8082FB006FCA47 /* FASButtonTwo.h */ = {isa = PBXFileReference; fileEncoding = 4; lastKnownFileType = sourcecode.c.h; path = FASButtonTwo.h; sourceTree = "<group>"; };
		20FBB9E51D8082FB006FCA47 /* FASButtonTwo.m */ = {isa = PBXFileReference; fileEncoding = 4; lastKnownFileType = sourcecode.c.objc; path = FASButtonTwo.m; sourceTree = "<group>"; };
		20FBB9E61D8082FB006FCA47 /* FASFamouseCell.h */ = {isa = PBXFileReference; fileEncoding = 4; lastKnownFileType = sourcecode.c.h; path = FASFamouseCell.h; sourceTree = "<group>"; };
		20FBB9E71D8082FB006FCA47 /* FASFamouseCell.m */ = {isa = PBXFileReference; fileEncoding = 4; lastKnownFileType = sourcecode.c.objc; path = FASFamouseCell.m; sourceTree = "<group>"; };
/* End PBXFileReference section */

/* Begin PBXFrameworksBuildPhase section */
		20FBB96B1D805268006FCA47 /* Frameworks */ = {
			isa = PBXFrameworksBuildPhase;
			buildActionMask = 2147483647;
			files = (
			);
			runOnlyForDeploymentPostprocessing = 0;
		};
/* End PBXFrameworksBuildPhase section */

/* Begin PBXGroup section */
		20FBB9651D805268006FCA47 = {
			isa = PBXGroup;
			children = (
				20FBB9701D805268006FCA47 /* FASFamouseList */,
				20FBB96F1D805268006FCA47 /* Products */,
			);
			sourceTree = "<group>";
		};
		20FBB96F1D805268006FCA47 /* Products */ = {
			isa = PBXGroup;
			children = (
				20FBB96E1D805268006FCA47 /* FASFamouseList.app */,
			);
			name = Products;
			sourceTree = "<group>";
		};
		20FBB9701D805268006FCA47 /* FASFamouseList */ = {
			isa = PBXGroup;
			children = (
				20FBB9C31D8082FB006FCA47 /* Tool */,
				20FBB9E11D8082FB006FCA47 /* View */,
				20FBB9771D805268006FCA47 /* ViewController.h */,
				20FBB9781D805268006FCA47 /* ViewController.m */,
				20FBB9711D805268006FCA47 /* Supporting Files */,
			);
			path = FASFamouseList;
			sourceTree = "<group>";
		};
		20FBB9711D805268006FCA47 /* Supporting Files */ = {
			isa = PBXGroup;
			children = (
				20FBB9741D805268006FCA47 /* AppDelegate.h */,
				20FBB9751D805268006FCA47 /* AppDelegate.m */,
				20FBB97A1D805269006FCA47 /* Main.storyboard */,
				20FBB97D1D805269006FCA47 /* Assets.xcassets */,
				20FBB97F1D805269006FCA47 /* LaunchScreen.storyboard */,
				20FBB9821D805269006FCA47 /* Info.plist */,
				20FBB9721D805268006FCA47 /* main.m */,
			);
			name = "Supporting Files";
			sourceTree = "<group>";
		};
		20FBB9C31D8082FB006FCA47 /* Tool */ = {
			isa = PBXGroup;
			children = (
				20FBB9C41D8082FB006FCA47 /* Masonry */,
				20FBB9DF1D8082FB006FCA47 /* NSAttributedString+CZAdditon.h */,
				20FBB9E01D8082FB006FCA47 /* NSAttributedString+CZAdditon.m */,
			);
			path = Tool;
			sourceTree = "<group>";
		};
		20FBB9C41D8082FB006FCA47 /* Masonry */ = {
			isa = PBXGroup;
			children = (
				20FBB9C51D8082FB006FCA47 /* Info.plist */,
				20FBB9C61D8082FB006FCA47 /* MASCompositeConstraint.h */,
				20FBB9C71D8082FB006FCA47 /* MASCompositeConstraint.m */,
				20FBB9C81D8082FB006FCA47 /* MASConstraint+Private.h */,
				20FBB9C91D8082FB006FCA47 /* MASConstraint.h */,
				20FBB9CA1D8082FB006FCA47 /* MASConstraint.m */,
				20FBB9CB1D8082FB006FCA47 /* MASConstraintMaker.h */,
				20FBB9CC1D8082FB006FCA47 /* MASConstraintMaker.m */,
				20FBB9CD1D8082FB006FCA47 /* MASLayoutConstraint.h */,
				20FBB9CE1D8082FB006FCA47 /* MASLayoutConstraint.m */,
				20FBB9CF1D8082FB006FCA47 /* Masonry.h */,
				20FBB9D01D8082FB006FCA47 /* MASUtilities.h */,
				20FBB9D11D8082FB006FCA47 /* MASViewAttribute.h */,
				20FBB9D21D8082FB006FCA47 /* MASViewAttribute.m */,
				20FBB9D31D8082FB006FCA47 /* MASViewConstraint.h */,
				20FBB9D41D8082FB006FCA47 /* MASViewConstraint.m */,
				20FBB9D51D8082FB006FCA47 /* NSArray+MASAdditions.h */,
				20FBB9D61D8082FB006FCA47 /* NSArray+MASAdditions.m */,
				20FBB9D71D8082FB006FCA47 /* NSArray+MASShorthandAdditions.h */,
				20FBB9D81D8082FB006FCA47 /* NSLayoutConstraint+MASDebugAdditions.h */,
				20FBB9D91D8082FB006FCA47 /* NSLayoutConstraint+MASDebugAdditions.m */,
				20FBB9DA1D8082FB006FCA47 /* View+MASAdditions.h */,
				20FBB9DB1D8082FB006FCA47 /* View+MASAdditions.m */,
				20FBB9DC1D8082FB006FCA47 /* View+MASShorthandAdditions.h */,
				20FBB9DD1D8082FB006FCA47 /* ViewController+MASAdditions.h */,
				20FBB9DE1D8082FB006FCA47 /* ViewController+MASAdditions.m */,
			);
			path = Masonry;
			sourceTree = "<group>";
		};
		20FBB9E11D8082FB006FCA47 /* View */ = {
			isa = PBXGroup;
			children = (
				20FBB9E21D8082FB006FCA47 /* FASButtonOne.h */,
				20FBB9E31D8082FB006FCA47 /* FASButtonOne.m */,
				20FBB9E41D8082FB006FCA47 /* FASButtonTwo.h */,
				20FBB9E51D8082FB006FCA47 /* FASButtonTwo.m */,
				20FBB9E61D8082FB006FCA47 /* FASFamouseCell.h */,
				20FBB9E71D8082FB006FCA47 /* FASFamouseCell.m */,
			);
			path = View;
			sourceTree = "<group>";
		};
/* End PBXGroup section */

/* Begin PBXNativeTarget section */
		20FBB96D1D805268006FCA47 /* FASFamouseList */ = {
			isa = PBXNativeTarget;
			buildConfigurationList = 20FBB9851D805269006FCA47 /* Build configuration list for PBXNativeTarget "FASFamouseList" */;
			buildPhases = (
				20FBB96A1D805268006FCA47 /* Sources */,
				20FBB96B1D805268006FCA47 /* Frameworks */,
				20FBB96C1D805268006FCA47 /* Resources */,
			);
			buildRules = (
			);
			dependencies = (
			);
			name = FASFamouseList;
			productName = FASFamouseList;
			productReference = 20FBB96E1D805268006FCA47 /* FASFamouseList.app */;
			productType = "com.apple.product-type.application";
		};
/* End PBXNativeTarget section */

/* Begin PBXProject section */
		20FBB9661D805268006FCA47 /* Project object */ = {
			isa = PBXProject;
			attributes = {
				LastUpgradeCheck = 0730;
				ORGANIZATIONNAME = HM;
				TargetAttributes = {
					20FBB96D1D805268006FCA47 = {
						CreatedOnToolsVersion = 7.3.1;
					};
				};
			};
			buildConfigurationList = 20FBB9691D805268006FCA47 /* Build configuration list for PBXProject "FASFamouseList" */;
			compatibilityVersion = "Xcode 3.2";
			developmentRegion = English;
			hasScannedForEncodings = 0;
			knownRegions = (
				en,
				Base,
			);
			mainGroup = 20FBB9651D805268006FCA47;
			productRefGroup = 20FBB96F1D805268006FCA47 /* Products */;
			projectDirPath = "";
			projectRoot = "";
			targets = (
				20FBB96D1D805268006FCA47 /* FASFamouseList */,
			);
		};
/* End PBXProject section */

/* Begin PBXResourcesBuildPhase section */
		20FBB96C1D805268006FCA47 /* Resources */ = {
			isa = PBXResourcesBuildPhase;
			buildActionMask = 2147483647;
			files = (
				20FBB9E81D8082FB006FCA47 /* Info.plist in Resources */,
				20FBB9811D805269006FCA47 /* LaunchScreen.storyboard in Resources */,
				20FBB97E1D805269006FCA47 /* Assets.xcassets in Resources */,
				20FBB97C1D805269006FCA47 /* Main.storyboard in Resources */,
			);
			runOnlyForDeploymentPostprocessing = 0;
		};
/* End PBXResourcesBuildPhase section */

/* Begin PBXSourcesBuildPhase section */
		20FBB96A1D805268006FCA47 /* Sources */ = {
			isa = PBXSourcesBuildPhase;
			buildActionMask = 2147483647;
			files = (
				20FBB9F01D8082FB006FCA47 /* NSLayoutConstraint+MASDebugAdditions.m in Sources */,
				20FBB9EE1D8082FB006FCA47 /* MASViewConstraint.m in Sources */,
				20FBB9F31D8082FB006FCA47 /* NSAttributedString+CZAdditon.m in Sources */,
				20FBB9E91D8082FB006FCA47 /* MASCompositeConstraint.m in Sources */,
				20FBB9F41D8082FB006FCA47 /* FASButtonOne.m in Sources */,
				20FBB9F61D8082FB006FCA47 /* FASFamouseCell.m in Sources */,
				20FBB9EF1D8082FB006FCA47 /* NSArray+MASAdditions.m in Sources */,
				20FBB9791D805268006FCA47 /* ViewController.m in Sources */,
				20FBB9761D805268006FCA47 /* AppDelegate.m in Sources */,
				20FBB9EC1D8082FB006FCA47 /* MASLayoutConstraint.m in Sources */,
				20FBB9F51D8082FB006FCA47 /* FASButtonTwo.m in Sources */,
				20FBB9731D805268006FCA47 /* main.m in Sources */,
				20FBB9F21D8082FB006FCA47 /* ViewController+MASAdditions.m in Sources */,
				20FBB9F11D8082FB006FCA47 /* View+MASAdditions.m in Sources */,
				20FBB9ED1D8082FB006FCA47 /* MASViewAttribute.m in Sources */,
				20FBB9EA1D8082FB006FCA47 /* MASConstraint.m in Sources */,
				20FBB9EB1D8082FB006FCA47 /* MASConstraintMaker.m in Sources */,
			);
			runOnlyForDeploymentPostprocessing = 0;
		};
/* End PBXSourcesBuildPhase section */

/* Begin PBXVariantGroup section */
		20FBB97A1D805269006FCA47 /* Main.storyboard */ = {
			isa = PBXVariantGroup;
			children = (
				20FBB97B1D805269006FCA47 /* Base */,
			);
			name = Main.storyboard;
			sourceTree = "<group>";
		};
		20FBB97F1D805269006FCA47 /* LaunchScreen.storyboard */ = {
			isa = PBXVariantGroup;
			children = (
				20FBB9801D805269006FCA47 /* Base */,
			);
			name = LaunchScreen.storyboard;
			sourceTree = "<group>";
		};
/* End PBXVariantGroup section */

/* Begin XCBuildConfiguration section */
		20FBB9831D805269006FCA47 /* Debug */ = {
			isa = XCBuildConfiguration;
			buildSettings = {
				ALWAYS_SEARCH_USER_PATHS = NO;
				CLANG_ANALYZER_NONNULL = YES;
				CLANG_CXX_LANGUAGE_STANDARD = "gnu++0x";
				CLANG_CXX_LIBRARY = "libc++";
				CLANG_ENABLE_MODULES = YES;
				CLANG_ENABLE_OBJC_ARC = YES;
				CLANG_WARN_BOOL_CONVERSION = YES;
				CLANG_WARN_CONSTANT_CONVERSION = YES;
				CLANG_WARN_DIRECT_OBJC_ISA_USAGE = YES_ERROR;
				CLANG_WARN_EMPTY_BODY = YES;
				CLANG_WARN_ENUM_CONVERSION = YES;
				CLANG_WARN_INT_CONVERSION = YES;
				CLANG_WARN_OBJC_ROOT_CLASS = YES_ERROR;
				CLANG_WARN_UNREACHABLE_CODE = YES;
				CLANG_WARN__DUPLICATE_METHOD_MATCH = YES;
				"CODE_SIGN_IDENTITY[sdk=iphoneos*]" = "iPhone Developer";
				COPY_PHASE_STRIP = NO;
				DEBUG_INFORMATION_FORMAT = dwarf;
				ENABLE_STRICT_OBJC_MSGSEND = YES;
				ENABLE_TESTABILITY = YES;
				GCC_C_LANGUAGE_STANDARD = gnu99;
				GCC_DYNAMIC_NO_PIC = NO;
				GCC_NO_COMMON_BLOCKS = YES;
				GCC_OPTIMIZATION_LEVEL = 0;
				GCC_PREPROCESSOR_DEFINITIONS = (
					"DEBUG=1",
					"$(inherited)",
				);
				GCC_WARN_64_TO_32_BIT_CONVERSION = YES;
				GCC_WARN_ABOUT_RETURN_TYPE = YES_ERROR;
				GCC_WARN_UNDECLARED_SELECTOR = YES;
				GCC_WARN_UNINITIALIZED_AUTOS = YES_AGGRESSIVE;
				GCC_WARN_UNUSED_FUNCTION = YES;
				GCC_WARN_UNUSED_VARIABLE = YES;
				IPHONEOS_DEPLOYMENT_TARGET = 9.3;
				MTL_ENABLE_DEBUG_INFO = YES;
				ONLY_ACTIVE_ARCH = YES;
				SDKROOT = iphoneos;
			};
			name = Debug;
		};
		20FBB9841D805269006FCA47 /* Release */ = {
			isa = XCBuildConfiguration;
			buildSettings = {
				ALWAYS_SEARCH_USER_PATHS = NO;
				CLANG_ANALYZER_NONNULL = YES;
				CLANG_CXX_LANGUAGE_STANDARD = "gnu++0x";
				CLANG_CXX_LIBRARY = "libc++";
				CLANG_ENABLE_MODULES = YES;
				CLANG_ENABLE_OBJC_ARC = YES;
				CLANG_WARN_BOOL_CONVERSION = YES;
				CLANG_WARN_CONSTANT_CONVERSION = YES;
				CLANG_WARN_DIRECT_OBJC_ISA_USAGE = YES_ERROR;
				CLANG_WARN_EMPTY_BODY = YES;
				CLANG_WARN_ENUM_CONVERSION = YES;
				CLANG_WARN_INT_CONVERSION = YES;
				CLANG_WARN_OBJC_ROOT_CLASS = YES_ERROR;
				CLANG_WARN_UNREACHABLE_CODE = YES;
				CLANG_WARN__DUPLICATE_METHOD_MATCH = YES;
				"CODE_SIGN_IDENTITY[sdk=iphoneos*]" = "iPhone Developer";
				COPY_PHASE_STRIP = NO;
				DEBUG_INFORMATION_FORMAT = "dwarf-with-dsym";
				ENABLE_NS_ASSERTIONS = NO;
				ENABLE_STRICT_OBJC_MSGSEND = YES;
				GCC_C_LANGUAGE_STANDARD = gnu99;
				GCC_NO_COMMON_BLOCKS = YES;
				GCC_WARN_64_TO_32_BIT_CONVERSION = YES;
				GCC_WARN_ABOUT_RETURN_TYPE = YES_ERROR;
				GCC_WARN_UNDECLARED_SELECTOR = YES;
				GCC_WARN_UNINITIALIZED_AUTOS = YES_AGGRESSIVE;
				GCC_WARN_UNUSED_FUNCTION = YES;
				GCC_WARN_UNUSED_VARIABLE = YES;
				IPHONEOS_DEPLOYMENT_TARGET = 9.3;
				MTL_ENABLE_DEBUG_INFO = NO;
				SDKROOT = iphoneos;
				VALIDATE_PRODUCT = YES;
			};
			name = Release;
		};
		20FBB9861D805269006FCA47 /* Debug */ = {
			isa = XCBuildConfiguration;
			buildSettings = {
				ASSETCATALOG_COMPILER_APPICON_NAME = AppIcon;
				INFOPLIST_FILE = FASFamouseList/Info.plist;
				LD_RUNPATH_SEARCH_PATHS = "$(inherited) @executable_path/Frameworks";
				PRODUCT_BUNDLE_IDENTIFIER = cn.itheima.FASFamouseList;
				PRODUCT_NAME = "$(TARGET_NAME)";
			};
			name = Debug;
		};
		20FBB9871D805269006FCA47 /* Release */ = {
			isa = XCBuildConfiguration;
			buildSettings = {
				ASSETCATALOG_COMPILER_APPICON_NAME = AppIcon;
				INFOPLIST_FILE = FASFamouseList/Info.plist;
				LD_RUNPATH_SEARCH_PATHS = "$(inherited) @executable_path/Frameworks";
				PRODUCT_BUNDLE_IDENTIFIER = cn.itheima.FASFamouseList;
				PRODUCT_NAME = "$(TARGET_NAME)";
			};
			name = Release;
		};
/* End XCBuildConfiguration section */

/* Begin XCConfigurationList section */
		20FBB9691D805268006FCA47 /* Build configuration list for PBXProject "FASFamouseList" */ = {
			isa = XCConfigurationList;
			buildConfigurations = (
				20FBB9831D805269006FCA47 /* Debug */,
				20FBB9841D805269006FCA47 /* Release */,
			);
			defaultConfigurationIsVisible = 0;
			defaultConfigurationName = Release;
		};
		20FBB9851D805269006FCA47 /* Build configuration list for PBXNativeTarget "FASFamouseList" */ = {
			isa = XCConfigurationList;
			buildConfigurations = (
				20FBB9861D805269006FCA47 /* Debug */,
				20FBB9871D805269006FCA47 /* Release */,
			);
			defaultConfigurationIsVisible = 0;
			defaultConfigurationName = Release;
		};
/* End XCConfigurationList section */
	};
	rootObject = 20FBB9661D805268006FCA47 /* Project object */;
}
