// !$*UTF8*$!
{
	archiveVersion = 1;
	classes = {
	};
	objectVersion = 46;
	objects = {

/* Begin PBXBuildFile section */
		206C39E71D7FE74300663177 /* main.m in Sources */ = {isa = PBXBuildFile; fileRef = 206C39E61D7FE74300663177 /* main.m */; };
		206C39EA1D7FE74300663177 /* AppDelegate.m in Sources */ = {isa = PBXBuildFile; fileRef = 206C39E91D7FE74300663177 /* AppDelegate.m */; };
		206C39ED1D7FE74300663177 /* ViewController.m in Sources */ = {isa = PBXBuildFile; fileRef = 206C39EC1D7FE74300663177 /* ViewController.m */; };
		206C39F01D7FE74300663177 /* Main.storyboard in Resources */ = {isa = PBXBuildFile; fileRef = 206C39EE1D7FE74300663177 /* Main.storyboard */; };
		206C39F21D7FE74300663177 /* Assets.xcassets in Resources */ = {isa = PBXBuildFile; fileRef = 206C39F11D7FE74300663177 /* Assets.xcassets */; };
		206C39F51D7FE74300663177 /* LaunchScreen.storyboard in Resources */ = {isa = PBXBuildFile; fileRef = 206C39F31D7FE74300663177 /* LaunchScreen.storyboard */; };
/* End PBXBuildFile section */

/* Begin PBXFileReference section */
		206C39E21D7FE74200663177 /* 资源共享.app */ = {isa = PBXFileReference; explicitFileType = wrapper.application; includeInIndex = 0; path = "资源共享.app"; sourceTree = BUILT_PRODUCTS_DIR; };
		206C39E61D7FE74300663177 /* main.m */ = {isa = PBXFileReference; lastKnownFileType = sourcecode.c.objc; path = main.m; sourceTree = "<group>"; };
		206C39E81D7FE74300663177 /* AppDelegate.h */ = {isa = PBXFileReference; lastKnownFileType = sourcecode.c.h; path = AppDelegate.h; sourceTree = "<group>"; };
		206C39E91D7FE74300663177 /* AppDelegate.m */ = {isa = PBXFileReference; lastKnownFileType = sourcecode.c.objc; path = AppDelegate.m; sourceTree = "<group>"; };
		206C39EB1D7FE74300663177 /* ViewController.h */ = {isa = PBXFileReference; lastKnownFileType = sourcecode.c.h; path = ViewController.h; sourceTree = "<group>"; };
		206C39EC1D7FE74300663177 /* ViewController.m */ = {isa = PBXFileReference; lastKnownFileType = sourcecode.c.objc; path = ViewController.m; sourceTree = "<group>"; };
		206C39EF1D7FE74300663177 /* Base */ = {isa = PBXFileReference; lastKnownFileType = file.storyboard; name = Base; path = Base.lproj/Main.storyboard; sourceTree = "<group>"; };
		206C39F11D7FE74300663177 /* Assets.xcassets */ = {isa = PBXFileReference; lastKnownFileType = folder.assetcatalog; path = Assets.xcassets; sourceTree = "<group>"; };
		206C39F41D7FE74300663177 /* Base */ = {isa = PBXFileReference; lastKnownFileType = file.storyboard; name = Base; path = Base.lproj/LaunchScreen.storyboard; sourceTree = "<group>"; };
		206C39F61D7FE74300663177 /* Info.plist */ = {isa = PBXFileReference; lastKnownFileType = text.plist.xml; path = Info.plist; sourceTree = "<group>"; };
/* End PBXFileReference section */

/* Begin PBXFrameworksBuildPhase section */
		206C39DF1D7FE74200663177 /* Frameworks */ = {
			isa = PBXFrameworksBuildPhase;
			buildActionMask = 2147483647;
			files = (
			);
			runOnlyForDeploymentPostprocessing = 0;
		};
/* End PBXFrameworksBuildPhase section */

/* Begin PBXGroup section */
		206C39D91D7FE74200663177 = {
			isa = PBXGroup;
			children = (
				206C39E41D7FE74200663177 /* 资源共享 */,
				206C39E31D7FE74200663177 /* Products */,
			);
			sourceTree = "<group>";
		};
		206C39E31D7FE74200663177 /* Products */ = {
			isa = PBXGroup;
			children = (
				206C39E21D7FE74200663177 /* 资源共享.app */,
			);
			name = Products;
			sourceTree = "<group>";
		};
		206C39E41D7FE74200663177 /* 资源共享 */ = {
			isa = PBXGroup;
			children = (
				206C39E81D7FE74300663177 /* AppDelegate.h */,
				206C39E91D7FE74300663177 /* AppDelegate.m */,
				206C39EB1D7FE74300663177 /* ViewController.h */,
				206C39EC1D7FE74300663177 /* ViewController.m */,
				206C39EE1D7FE74300663177 /* Main.storyboard */,
				206C39F11D7FE74300663177 /* Assets.xcassets */,
				206C39F31D7FE74300663177 /* LaunchScreen.storyboard */,
				206C39F61D7FE74300663177 /* Info.plist */,
				206C39E51D7FE74300663177 /* Supporting Files */,
			);
			path = "资源共享";
			sourceTree = "<group>";
		};
		206C39E51D7FE74300663177 /* Supporting Files */ = {
			isa = PBXGroup;
			children = (
				206C39E61D7FE74300663177 /* main.m */,
			);
			name = "Supporting Files";
			sourceTree = "<group>";
		};
/* End PBXGroup section */

/* Begin PBXNativeTarget section */
		206C39E11D7FE74200663177 /* 资源共享 */ = {
			isa = PBXNativeTarget;
			buildConfigurationList = 206C39F91D7FE74300663177 /* Build configuration list for PBXNativeTarget "资源共享" */;
			buildPhases = (
				206C39DE1D7FE74200663177 /* Sources */,
				206C39DF1D7FE74200663177 /* Frameworks */,
				206C39E01D7FE74200663177 /* Resources */,
			);
			buildRules = (
			);
			dependencies = (
			);
			name = "资源共享";
			productName = "资源共享";
			productReference = 206C39E21D7FE74200663177 /* 资源共享.app */;
			productType = "com.apple.product-type.application";
		};
/* End PBXNativeTarget section */

/* Begin PBXProject section */
		206C39DA1D7FE74200663177 /* Project object */ = {
			isa = PBXProject;
			attributes = {
				LastUpgradeCheck = 0730;
				ORGANIZATIONNAME = HM;
				TargetAttributes = {
					206C39E11D7FE74200663177 = {
						CreatedOnToolsVersion = 7.3.1;
					};
				};
			};
			buildConfigurationList = 206C39DD1D7FE74200663177 /* Build configuration list for PBXProject "资源共享" */;
			compatibilityVersion = "Xcode 3.2";
			developmentRegion = English;
			hasScannedForEncodings = 0;
			knownRegions = (
				en,
				Base,
			);
			mainGroup = 206C39D91D7FE74200663177;
			productRefGroup = 206C39E31D7FE74200663177 /* Products */;
			projectDirPath = "";
			projectRoot = "";
			targets = (
				206C39E11D7FE74200663177 /* 资源共享 */,
			);
		};
/* End PBXProject section */

/* Begin PBXResourcesBuildPhase section */
		206C39E01D7FE74200663177 /* Resources */ = {
			isa = PBXResourcesBuildPhase;
			buildActionMask = 2147483647;
			files = (
				206C39F51D7FE74300663177 /* LaunchScreen.storyboard in Resources */,
				206C39F21D7FE74300663177 /* Assets.xcassets in Resources */,
				206C39F01D7FE74300663177 /* Main.storyboard in Resources */,
			);
			runOnlyForDeploymentPostprocessing = 0;
		};
/* End PBXResourcesBuildPhase section */

/* Begin PBXSourcesBuildPhase section */
		206C39DE1D7FE74200663177 /* Sources */ = {
			isa = PBXSourcesBuildPhase;
			buildActionMask = 2147483647;
			files = (
				206C39ED1D7FE74300663177 /* ViewController.m in Sources */,
				206C39EA1D7FE74300663177 /* AppDelegate.m in Sources */,
				206C39E71D7FE74300663177 /* main.m in Sources */,
			);
			runOnlyForDeploymentPostprocessing = 0;
		};
/* End PBXSourcesBuildPhase section */

/* Begin PBXVariantGroup section */
		206C39EE1D7FE74300663177 /* Main.storyboard */ = {
			isa = PBXVariantGroup;
			children = (
				206C39EF1D7FE74300663177 /* Base */,
			);
			name = Main.storyboard;
			sourceTree = "<group>";
		};
		206C39F31D7FE74300663177 /* LaunchScreen.storyboard */ = {
			isa = PBXVariantGroup;
			children = (
				206C39F41D7FE74300663177 /* Base */,
			);
			name = LaunchScreen.storyboard;
			sourceTree = "<group>";
		};
/* End PBXVariantGroup section */

/* Begin XCBuildConfiguration section */
		206C39F71D7FE74300663177 /* Debug */ = {
			isa = XCBuildConfiguration;
			buildSettings = {
				ALWAYS_SEARCH_USER_PATHS = NO;
				CLANG_ANALYZER_NONNULL = YES;
				CLANG_CXX_LANGUAGE_STANDARD = "gnu++0x";
				CLANG_CXX_LIBRARY = "libc++";
				CLANG_ENABLE_MODULES = YES;
				CLANG_ENABLE_OBJC_ARC = YES;
				CLANG_WARN_BOOL_CONVERSION = YES;
				CLANG_WARN_CONSTANT_CONVERSION = YES;
				CLANG_WARN_DIRECT_OBJC_ISA_USAGE = YES_ERROR;
				CLANG_WARN_EMPTY_BODY = YES;
				CLANG_WARN_ENUM_CONVERSION = YES;
				CLANG_WARN_INT_CONVERSION = YES;
				CLANG_WARN_OBJC_ROOT_CLASS = YES_ERROR;
				CLANG_WARN_UNREACHABLE_CODE = YES;
				CLANG_WARN__DUPLICATE_METHOD_MATCH = YES;
				"CODE_SIGN_IDENTITY[sdk=iphoneos*]" = "iPhone Developer";
				COPY_PHASE_STRIP = NO;
				DEBUG_INFORMATION_FORMAT = dwarf;
				ENABLE_STRICT_OBJC_MSGSEND = YES;
				ENABLE_TESTABILITY = YES;
				GCC_C_LANGUAGE_STANDARD = gnu99;
				GCC_DYNAMIC_NO_PIC = NO;
				GCC_NO_COMMON_BLOCKS = YES;
				GCC_OPTIMIZATION_LEVEL = 0;
				GCC_PREPROCESSOR_DEFINITIONS = (
					"DEBUG=1",
					"$(inherited)",
				);
				GCC_WARN_64_TO_32_BIT_CONVERSION = YES;
				GCC_WARN_ABOUT_RETURN_TYPE = YES_ERROR;
				GCC_WARN_UNDECLARED_SELECTOR = YES;
				GCC_WARN_UNINITIALIZED_AUTOS = YES_AGGRESSIVE;
				GCC_WARN_UNUSED_FUNCTION = YES;
				GCC_WARN_UNUSED_VARIABLE = YES;
				IPHONEOS_DEPLOYMENT_TARGET = 9.3;
				MTL_ENABLE_DEBUG_INFO = YES;
				ONLY_ACTIVE_ARCH = YES;
				SDKROOT = iphoneos;
			};
			name = Debug;
		};
		206C39F81D7FE74300663177 /* Release */ = {
			isa = XCBuildConfiguration;
			buildSettings = {
				ALWAYS_SEARCH_USER_PATHS = NO;
				CLANG_ANALYZER_NONNULL = YES;
				CLANG_CXX_LANGUAGE_STANDARD = "gnu++0x";
				CLANG_CXX_LIBRARY = "libc++";
				CLANG_ENABLE_MODULES = YES;
				CLANG_ENABLE_OBJC_ARC = YES;
				CLANG_WARN_BOOL_CONVERSION = YES;
				CLANG_WARN_CONSTANT_CONVERSION = YES;
				CLANG_WARN_DIRECT_OBJC_ISA_USAGE = YES_ERROR;
				CLANG_WARN_EMPTY_BODY = YES;
				CLANG_WARN_ENUM_CONVERSION = YES;
				CLANG_WARN_INT_CONVERSION = YES;
				CLANG_WARN_OBJC_ROOT_CLASS = YES_ERROR;
				CLANG_WARN_UNREACHABLE_CODE = YES;
				CLANG_WARN__DUPLICATE_METHOD_MATCH = YES;
				"CODE_SIGN_IDENTITY[sdk=iphoneos*]" = "iPhone Developer";
				COPY_PHASE_STRIP = NO;
				DEBUG_INFORMATION_FORMAT = "dwarf-with-dsym";
				ENABLE_NS_ASSERTIONS = NO;
				ENABLE_STRICT_OBJC_MSGSEND = YES;
				GCC_C_LANGUAGE_STANDARD = gnu99;
				GCC_NO_COMMON_BLOCKS = YES;
				GCC_WARN_64_TO_32_BIT_CONVERSION = YES;
				GCC_WARN_ABOUT_RETURN_TYPE = YES_ERROR;
				GCC_WARN_UNDECLARED_SELECTOR = YES;
				GCC_WARN_UNINITIALIZED_AUTOS = YES_AGGRESSIVE;
				GCC_WARN_UNUSED_FUNCTION = YES;
				GCC_WARN_UNUSED_VARIABLE = YES;
				IPHONEOS_DEPLOYMENT_TARGET = 9.3;
				MTL_ENABLE_DEBUG_INFO = NO;
				SDKROOT = iphoneos;
				VALIDATE_PRODUCT = YES;
			};
			name = Release;
		};
		206C39FA1D7FE74300663177 /* Debug */ = {
			isa = XCBuildConfiguration;
			buildSettings = {
				ASSETCATALOG_COMPILER_APPICON_NAME = AppIcon;
				INFOPLIST_FILE = "资源共享/Info.plist";
				LD_RUNPATH_SEARCH_PATHS = "$(inherited) @executable_path/Frameworks";
				PRODUCT_BUNDLE_IDENTIFIER = "cn.itheima.----";
				PRODUCT_NAME = "$(TARGET_NAME)";
			};
			name = Debug;
		};
		206C39FB1D7FE74300663177 /* Release */ = {
			isa = XCBuildConfiguration;
			buildSettings = {
				ASSETCATALOG_COMPILER_APPICON_NAME = AppIcon;
				INFOPLIST_FILE = "资源共享/Info.plist";
				LD_RUNPATH_SEARCH_PATHS = "$(inherited) @executable_path/Frameworks";
				PRODUCT_BUNDLE_IDENTIFIER = "cn.itheima.----";
				PRODUCT_NAME = "$(TARGET_NAME)";
			};
			name = Release;
		};
/* End XCBuildConfiguration section */

/* Begin XCConfigurationList section */
		206C39DD1D7FE74200663177 /* Build configuration list for PBXProject "资源共享" */ = {
			isa = XCConfigurationList;
			buildConfigurations = (
				206C39F71D7FE74300663177 /* Debug */,
				206C39F81D7FE74300663177 /* Release */,
			);
			defaultConfigurationIsVisible = 0;
			defaultConfigurationName = Release;
		};
		206C39F91D7FE74300663177 /* Build configuration list for PBXNativeTarget "资源共享" */ = {
			isa = XCConfigurationList;
			buildConfigurations = (
				206C39FA1D7FE74300663177 /* Debug */,
				206C39FB1D7FE74300663177 /* Release */,
			);
			defaultConfigurationIsVisible = 0;
		};
/* End XCConfigurationList section */
	};
	rootObject = 206C39DA1D7FE74200663177 /* Project object */;
}
