// !$*UTF8*$!
{
	archiveVersion = 1;
	classes = {
	};
	objectVersion = 46;
	objects = {

/* Begin PBXBuildFile section */
		20092E691D7F189F0039DA7E /* main.m in Sources */ = {isa = PBXBuildFile; fileRef = 20092E681D7F189F0039DA7E /* main.m */; };
		20092E6C1D7F189F0039DA7E /* AppDelegate.m in Sources */ = {isa = PBXBuildFile; fileRef = 20092E6B1D7F189F0039DA7E /* AppDelegate.m */; };
		20092E6F1D7F189F0039DA7E /* ViewController.m in Sources */ = {isa = PBXBuildFile; fileRef = 20092E6E1D7F189F0039DA7E /* ViewController.m */; };
		20092E721D7F189F0039DA7E /* Main.storyboard in Resources */ = {isa = PBXBuildFile; fileRef = 20092E701D7F189F0039DA7E /* Main.storyboard */; };
		20092E741D7F189F0039DA7E /* Assets.xcassets in Resources */ = {isa = PBXBuildFile; fileRef = 20092E731D7F189F0039DA7E /* Assets.xcassets */; };
		20092E771D7F189F0039DA7E /* LaunchScreen.storyboard in Resources */ = {isa = PBXBuildFile; fileRef = 20092E751D7F189F0039DA7E /* LaunchScreen.storyboard */; };
		20092E801D7F18BA0039DA7E /* person.m in Sources */ = {isa = PBXBuildFile; fileRef = 20092E7F1D7F18BA0039DA7E /* person.m */; };
/* End PBXBuildFile section */

/* Begin PBXFileReference section */
		20092E641D7F189F0039DA7E /* self 和target 的关系.app */ = {isa = PBXFileReference; explicitFileType = wrapper.application; includeInIndex = 0; path = "self 和target 的关系.app"; sourceTree = BUILT_PRODUCTS_DIR; };
		20092E681D7F189F0039DA7E /* main.m */ = {isa = PBXFileReference; lastKnownFileType = sourcecode.c.objc; path = main.m; sourceTree = "<group>"; };
		20092E6A1D7F189F0039DA7E /* AppDelegate.h */ = {isa = PBXFileReference; lastKnownFileType = sourcecode.c.h; path = AppDelegate.h; sourceTree = "<group>"; };
		20092E6B1D7F189F0039DA7E /* AppDelegate.m */ = {isa = PBXFileReference; lastKnownFileType = sourcecode.c.objc; path = AppDelegate.m; sourceTree = "<group>"; };
		20092E6D1D7F189F0039DA7E /* ViewController.h */ = {isa = PBXFileReference; lastKnownFileType = sourcecode.c.h; path = ViewController.h; sourceTree = "<group>"; };
		20092E6E1D7F189F0039DA7E /* ViewController.m */ = {isa = PBXFileReference; lastKnownFileType = sourcecode.c.objc; path = ViewController.m; sourceTree = "<group>"; };
		20092E711D7F189F0039DA7E /* Base */ = {isa = PBXFileReference; lastKnownFileType = file.storyboard; name = Base; path = Base.lproj/Main.storyboard; sourceTree = "<group>"; };
		20092E731D7F189F0039DA7E /* Assets.xcassets */ = {isa = PBXFileReference; lastKnownFileType = folder.assetcatalog; path = Assets.xcassets; sourceTree = "<group>"; };
		20092E761D7F189F0039DA7E /* Base */ = {isa = PBXFileReference; lastKnownFileType = file.storyboard; name = Base; path = Base.lproj/LaunchScreen.storyboard; sourceTree = "<group>"; };
		20092E781D7F189F0039DA7E /* Info.plist */ = {isa = PBXFileReference; lastKnownFileType = text.plist.xml; path = Info.plist; sourceTree = "<group>"; };
		20092E7E1D7F18BA0039DA7E /* person.h */ = {isa = PBXFileReference; fileEncoding = 4; lastKnownFileType = sourcecode.c.h; path = person.h; sourceTree = "<group>"; };
		20092E7F1D7F18BA0039DA7E /* person.m */ = {isa = PBXFileReference; fileEncoding = 4; lastKnownFileType = sourcecode.c.objc; path = person.m; sourceTree = "<group>"; };
/* End PBXFileReference section */

/* Begin PBXFrameworksBuildPhase section */
		20092E611D7F189F0039DA7E /* Frameworks */ = {
			isa = PBXFrameworksBuildPhase;
			buildActionMask = 2147483647;
			files = (
			);
			runOnlyForDeploymentPostprocessing = 0;
		};
/* End PBXFrameworksBuildPhase section */

/* Begin PBXGroup section */
		20092E5B1D7F189F0039DA7E = {
			isa = PBXGroup;
			children = (
				20092E661D7F189F0039DA7E /* self 和target 的关系 */,
				20092E651D7F189F0039DA7E /* Products */,
			);
			sourceTree = "<group>";
		};
		20092E651D7F189F0039DA7E /* Products */ = {
			isa = PBXGroup;
			children = (
				20092E641D7F189F0039DA7E /* self 和target 的关系.app */,
			);
			name = Products;
			sourceTree = "<group>";
		};
		20092E661D7F189F0039DA7E /* self 和target 的关系 */ = {
			isa = PBXGroup;
			children = (
				20092E6A1D7F189F0039DA7E /* AppDelegate.h */,
				20092E6B1D7F189F0039DA7E /* AppDelegate.m */,
				20092E6D1D7F189F0039DA7E /* ViewController.h */,
				20092E6E1D7F189F0039DA7E /* ViewController.m */,
				20092E7E1D7F18BA0039DA7E /* person.h */,
				20092E7F1D7F18BA0039DA7E /* person.m */,
				20092E701D7F189F0039DA7E /* Main.storyboard */,
				20092E731D7F189F0039DA7E /* Assets.xcassets */,
				20092E751D7F189F0039DA7E /* LaunchScreen.storyboard */,
				20092E781D7F189F0039DA7E /* Info.plist */,
				20092E671D7F189F0039DA7E /* Supporting Files */,
			);
			path = "self 和target 的关系";
			sourceTree = "<group>";
		};
		20092E671D7F189F0039DA7E /* Supporting Files */ = {
			isa = PBXGroup;
			children = (
				20092E681D7F189F0039DA7E /* main.m */,
			);
			name = "Supporting Files";
			sourceTree = "<group>";
		};
/* End PBXGroup section */

/* Begin PBXNativeTarget section */
		20092E631D7F189F0039DA7E /* self 和target 的关系 */ = {
			isa = PBXNativeTarget;
			buildConfigurationList = 20092E7B1D7F189F0039DA7E /* Build configuration list for PBXNativeTarget "self 和target 的关系" */;
			buildPhases = (
				20092E601D7F189F0039DA7E /* Sources */,
				20092E611D7F189F0039DA7E /* Frameworks */,
				20092E621D7F189F0039DA7E /* Resources */,
			);
			buildRules = (
			);
			dependencies = (
			);
			name = "self 和target 的关系";
			productName = "self 和target 的关系";
			productReference = 20092E641D7F189F0039DA7E /* self 和target 的关系.app */;
			productType = "com.apple.product-type.application";
		};
/* End PBXNativeTarget section */

/* Begin PBXProject section */
		20092E5C1D7F189F0039DA7E /* Project object */ = {
			isa = PBXProject;
			attributes = {
				LastUpgradeCheck = 0730;
				ORGANIZATIONNAME = HM;
				TargetAttributes = {
					20092E631D7F189F0039DA7E = {
						CreatedOnToolsVersion = 7.3.1;
					};
				};
			};
			buildConfigurationList = 20092E5F1D7F189F0039DA7E /* Build configuration list for PBXProject "self 和target 的关系" */;
			compatibilityVersion = "Xcode 3.2";
			developmentRegion = English;
			hasScannedForEncodings = 0;
			knownRegions = (
				en,
				Base,
			);
			mainGroup = 20092E5B1D7F189F0039DA7E;
			productRefGroup = 20092E651D7F189F0039DA7E /* Products */;
			projectDirPath = "";
			projectRoot = "";
			targets = (
				20092E631D7F189F0039DA7E /* self 和target 的关系 */,
			);
		};
/* End PBXProject section */

/* Begin PBXResourcesBuildPhase section */
		20092E621D7F189F0039DA7E /* Resources */ = {
			isa = PBXResourcesBuildPhase;
			buildActionMask = 2147483647;
			files = (
				20092E771D7F189F0039DA7E /* LaunchScreen.storyboard in Resources */,
				20092E741D7F189F0039DA7E /* Assets.xcassets in Resources */,
				20092E721D7F189F0039DA7E /* Main.storyboard in Resources */,
			);
			runOnlyForDeploymentPostprocessing = 0;
		};
/* End PBXResourcesBuildPhase section */

/* Begin PBXSourcesBuildPhase section */
		20092E601D7F189F0039DA7E /* Sources */ = {
			isa = PBXSourcesBuildPhase;
			buildActionMask = 2147483647;
			files = (
				20092E6F1D7F189F0039DA7E /* ViewController.m in Sources */,
				20092E6C1D7F189F0039DA7E /* AppDelegate.m in Sources */,
				20092E801D7F18BA0039DA7E /* person.m in Sources */,
				20092E691D7F189F0039DA7E /* main.m in Sources */,
			);
			runOnlyForDeploymentPostprocessing = 0;
		};
/* End PBXSourcesBuildPhase section */

/* Begin PBXVariantGroup section */
		20092E701D7F189F0039DA7E /* Main.storyboard */ = {
			isa = PBXVariantGroup;
			children = (
				20092E711D7F189F0039DA7E /* Base */,
			);
			name = Main.storyboard;
			sourceTree = "<group>";
		};
		20092E751D7F189F0039DA7E /* LaunchScreen.storyboard */ = {
			isa = PBXVariantGroup;
			children = (
				20092E761D7F189F0039DA7E /* Base */,
			);
			name = LaunchScreen.storyboard;
			sourceTree = "<group>";
		};
/* End PBXVariantGroup section */

/* Begin XCBuildConfiguration section */
		20092E791D7F189F0039DA7E /* Debug */ = {
			isa = XCBuildConfiguration;
			buildSettings = {
				ALWAYS_SEARCH_USER_PATHS = NO;
				CLANG_ANALYZER_NONNULL = YES;
				CLANG_CXX_LANGUAGE_STANDARD = "gnu++0x";
				CLANG_CXX_LIBRARY = "libc++";
				CLANG_ENABLE_MODULES = YES;
				CLANG_ENABLE_OBJC_ARC = YES;
				CLANG_WARN_BOOL_CONVERSION = YES;
				CLANG_WARN_CONSTANT_CONVERSION = YES;
				CLANG_WARN_DIRECT_OBJC_ISA_USAGE = YES_ERROR;
				CLANG_WARN_EMPTY_BODY = YES;
				CLANG_WARN_ENUM_CONVERSION = YES;
				CLANG_WARN_INT_CONVERSION = YES;
				CLANG_WARN_OBJC_ROOT_CLASS = YES_ERROR;
				CLANG_WARN_UNREACHABLE_CODE = YES;
				CLANG_WARN__DUPLICATE_METHOD_MATCH = YES;
				"CODE_SIGN_IDENTITY[sdk=iphoneos*]" = "iPhone Developer";
				COPY_PHASE_STRIP = NO;
				DEBUG_INFORMATION_FORMAT = dwarf;
				ENABLE_STRICT_OBJC_MSGSEND = YES;
				ENABLE_TESTABILITY = YES;
				GCC_C_LANGUAGE_STANDARD = gnu99;
				GCC_DYNAMIC_NO_PIC = NO;
				GCC_NO_COMMON_BLOCKS = YES;
				GCC_OPTIMIZATION_LEVEL = 0;
				GCC_PREPROCESSOR_DEFINITIONS = (
					"DEBUG=1",
					"$(inherited)",
				);
				GCC_WARN_64_TO_32_BIT_CONVERSION = YES;
				GCC_WARN_ABOUT_RETURN_TYPE = YES_ERROR;
				GCC_WARN_UNDECLARED_SELECTOR = YES;
				GCC_WARN_UNINITIALIZED_AUTOS = YES_AGGRESSIVE;
				GCC_WARN_UNUSED_FUNCTION = YES;
				GCC_WARN_UNUSED_VARIABLE = YES;
				IPHONEOS_DEPLOYMENT_TARGET = 9.3;
				MTL_ENABLE_DEBUG_INFO = YES;
				ONLY_ACTIVE_ARCH = YES;
				SDKROOT = iphoneos;
			};
			name = Debug;
		};
		20092E7A1D7F189F0039DA7E /* Release */ = {
			isa = XCBuildConfiguration;
			buildSettings = {
				ALWAYS_SEARCH_USER_PATHS = NO;
				CLANG_ANALYZER_NONNULL = YES;
				CLANG_CXX_LANGUAGE_STANDARD = "gnu++0x";
				CLANG_CXX_LIBRARY = "libc++";
				CLANG_ENABLE_MODULES = YES;
				CLANG_ENABLE_OBJC_ARC = YES;
				CLANG_WARN_BOOL_CONVERSION = YES;
				CLANG_WARN_CONSTANT_CONVERSION = YES;
				CLANG_WARN_DIRECT_OBJC_ISA_USAGE = YES_ERROR;
				CLANG_WARN_EMPTY_BODY = YES;
				CLANG_WARN_ENUM_CONVERSION = YES;
				CLANG_WARN_INT_CONVERSION = YES;
				CLANG_WARN_OBJC_ROOT_CLASS = YES_ERROR;
				CLANG_WARN_UNREACHABLE_CODE = YES;
				CLANG_WARN__DUPLICATE_METHOD_MATCH = YES;
				"CODE_SIGN_IDENTITY[sdk=iphoneos*]" = "iPhone Developer";
				COPY_PHASE_STRIP = NO;
				DEBUG_INFORMATION_FORMAT = "dwarf-with-dsym";
				ENABLE_NS_ASSERTIONS = NO;
				ENABLE_STRICT_OBJC_MSGSEND = YES;
				GCC_C_LANGUAGE_STANDARD = gnu99;
				GCC_NO_COMMON_BLOCKS = YES;
				GCC_WARN_64_TO_32_BIT_CONVERSION = YES;
				GCC_WARN_ABOUT_RETURN_TYPE = YES_ERROR;
				GCC_WARN_UNDECLARED_SELECTOR = YES;
				GCC_WARN_UNINITIALIZED_AUTOS = YES_AGGRESSIVE;
				GCC_WARN_UNUSED_FUNCTION = YES;
				GCC_WARN_UNUSED_VARIABLE = YES;
				IPHONEOS_DEPLOYMENT_TARGET = 9.3;
				MTL_ENABLE_DEBUG_INFO = NO;
				SDKROOT = iphoneos;
				VALIDATE_PRODUCT = YES;
			};
			name = Release;
		};
		20092E7C1D7F189F0039DA7E /* Debug */ = {
			isa = XCBuildConfiguration;
			buildSettings = {
				ASSETCATALOG_COMPILER_APPICON_NAME = AppIcon;
				INFOPLIST_FILE = "self 和target 的关系/Info.plist";
				LD_RUNPATH_SEARCH_PATHS = "$(inherited) @executable_path/Frameworks";
				PRODUCT_BUNDLE_IDENTIFIER = "cn.itheima.self--target----";
				PRODUCT_NAME = "$(TARGET_NAME)";
			};
			name = Debug;
		};
		20092E7D1D7F189F0039DA7E /* Release */ = {
			isa = XCBuildConfiguration;
			buildSettings = {
				ASSETCATALOG_COMPILER_APPICON_NAME = AppIcon;
				INFOPLIST_FILE = "self 和target 的关系/Info.plist";
				LD_RUNPATH_SEARCH_PATHS = "$(inherited) @executable_path/Frameworks";
				PRODUCT_BUNDLE_IDENTIFIER = "cn.itheima.self--target----";
				PRODUCT_NAME = "$(TARGET_NAME)";
			};
			name = Release;
		};
/* End XCBuildConfiguration section */

/* Begin XCConfigurationList section */
		20092E5F1D7F189F0039DA7E /* Build configuration list for PBXProject "self 和target 的关系" */ = {
			isa = XCConfigurationList;
			buildConfigurations = (
				20092E791D7F189F0039DA7E /* Debug */,
				20092E7A1D7F189F0039DA7E /* Release */,
			);
			defaultConfigurationIsVisible = 0;
			defaultConfigurationName = Release;
		};
		20092E7B1D7F189F0039DA7E /* Build configuration list for PBXNativeTarget "self 和target 的关系" */ = {
			isa = XCConfigurationList;
			buildConfigurations = (
				20092E7C1D7F189F0039DA7E /* Debug */,
				20092E7D1D7F189F0039DA7E /* Release */,
			);
			defaultConfigurationIsVisible = 0;
		};
/* End XCConfigurationList section */
	};
	rootObject = 20092E5C1D7F189F0039DA7E /* Project object */;
}
